
Microsoft Visual Studio Solution File, Format Version 12.00
# Visual Studio 15
VisualStudioVersion = 15.0.26730.16
MinimumVisualStudioVersion = 10.0.40219.1
Project("{FAE04EC0-301F-11D3-BF4B-00C04F79EFBC}") = "Kazino777", "Kazino777\Kazino777.csproj", "{877553DD-8C47-4932-A32D-E2F935AC3FC8}"
EndProject
Global
	GlobalSection(SolutionConfigurationPlatforms) = preSolution
		Debug|Any CPU = Debug|Any CPU
		Release|Any CPU = Release|Any CPU
	EndGlobalSection
	GlobalSection(ProjectConfigurationPlatforms) = postSolution
		{877553DD-8C47-4932-A32D-E2F935AC3FC8}.Debug|Any CPU.ActiveCfg = Debug|Any CPU
		{877553DD-8C47-4932-A32D-E2F935AC3FC8}.Debug|Any CPU.Build.0 = Debug|Any CPU
		{877553DD-8C47-4932-A32D-E2F935AC3FC8}.Release|Any CPU.ActiveCfg = Release|Any CPU
		{877553DD-8C47-4932-A32D-E2F935AC3FC8}.Release|Any CPU.Build.0 = Release|Any CPU
	EndGlobalSection
	GlobalSection(SolutionProperties) = preSolution
		HideSolutionNode = FALSE
	EndGlobalSection
	GlobalSection(ExtensibilityGlobals) = postSolution
		SolutionGuid = {45C2052E-B35B-428A-9D4C-C58E76596348}
	EndGlobalSection
EndGlobal
